// !$*UTF8*$!
{
	archiveVersion = 1;
	classes = {
	};
	objectVersion = 50;
	objects = {

/* Begin PBXBuildFile section */
		9B6C995723D26BEB002B6924 /* AppDelegate.swift in Sources */ = {isa = PBXBuildFile; fileRef = 9B6C995623D26BEB002B6924 /* AppDelegate.swift */; };
		9B6C995923D26BEB002B6924 /* SceneDelegate.swift in Sources */ = {isa = PBXBuildFile; fileRef = 9B6C995823D26BEB002B6924 /* SceneDelegate.swift */; };
		9B6C995B23D26BEB002B6924 /* ViewController.swift in Sources */ = {isa = PBXBuildFile; fileRef = 9B6C995A23D26BEB002B6924 /* ViewController.swift */; };
		9B6C995E23D26BEB002B6924 /* Main.storyboard in Resources */ = {isa = PBXBuildFile; fileRef = 9B6C995C23D26BEB002B6924 /* Main.storyboard */; };
		9B6C996123D26BEB002B6924 /* coreDataAssignment.xcdatamodeld in Sources */ = {isa = PBXBuildFile; fileRef = 9B6C995F23D26BEB002B6924 /* coreDataAssignment.xcdatamodeld */; };
		9B6C996323D26BEC002B6924 /* Assets.xcassets in Resources */ = {isa = PBXBuildFile; fileRef = 9B6C996223D26BEC002B6924 /* Assets.xcassets */; };
		9B6C996623D26BEC002B6924 /* LaunchScreen.storyboard in Resources */ = {isa = PBXBuildFile; fileRef = 9B6C996423D26BEC002B6924 /* LaunchScreen.storyboard */; };
		9B6C997123D26BEC002B6924 /* coreDataAssignmentTests.swift in Sources */ = {isa = PBXBuildFile; fileRef = 9B6C997023D26BEC002B6924 /* coreDataAssignmentTests.swift */; };
		9B6C997C23D26BEC002B6924 /* coreDataAssignmentUITests.swift in Sources */ = {isa = PBXBuildFile; fileRef = 9B6C997B23D26BEC002B6924 /* coreDataAssignmentUITests.swift */; };
/* End PBXBuildFile section */

/* Begin PBXContainerItemProxy section */
		9B6C996D23D26BEC002B6924 /* PBXContainerItemProxy */ = {
			isa = PBXContainerItemProxy;
			containerPortal = 9B6C994B23D26BEB002B6924 /* Project object */;
			proxyType = 1;
			remoteGlobalIDString = 9B6C995223D26BEB002B6924;
			remoteInfo = coreDataAssignment;
		};
		9B6C997823D26BEC002B6924 /* PBXContainerItemProxy */ = {
			isa = PBXContainerItemProxy;
			containerPortal = 9B6C994B23D26BEB002B6924 /* Project object */;
			proxyType = 1;
			remoteGlobalIDString = 9B6C995223D26BEB002B6924;
			remoteInfo = coreDataAssignment;
		};
/* End PBXContainerItemProxy section */

/* Begin PBXFileReference section */
		9B6C995323D26BEB002B6924 /* coreDataAssignment.app */ = {isa = PBXFileReference; explicitFileType = wrapper.application; includeInIndex = 0; path = coreDataAssignment.app; sourceTree = BUILT_PRODUCTS_DIR; };
		9B6C995623D26BEB002B6924 /* AppDelegate.swift */ = {isa = PBXFileReference; lastKnownFileType = sourcecode.swift; path = AppDelegate.swift; sourceTree = "<group>"; };
		9B6C995823D26BEB002B6924 /* SceneDelegate.swift */ = {isa = PBXFileReference; lastKnownFileType = sourcecode.swift; path = SceneDelegate.swift; sourceTree = "<group>"; };
		9B6C995A23D26BEB002B6924 /* ViewController.swift */ = {isa = PBXFileReference; lastKnownFileType = sourcecode.swift; path = ViewController.swift; sourceTree = "<group>"; };
		9B6C995D23D26BEB002B6924 /* Base */ = {isa = PBXFileReference; lastKnownFileType = file.storyboard; name = Base; path = Base.lproj/Main.storyboard; sourceTree = "<group>"; };
		9B6C996023D26BEB002B6924 /* coreDataAssignment.xcdatamodel */ = {isa = PBXFileReference; lastKnownFileType = wrapper.xcdatamodel; path = coreDataAssignment.xcdatamodel; sourceTree = "<group>"; };
		9B6C996223D26BEC002B6924 /* Assets.xcassets */ = {isa = PBXFileReference; lastKnownFileType = folder.assetcatalog; path = Assets.xcassets; sourceTree = "<group>"; };
		9B6C996523D26BEC002B6924 /* Base */ = {isa = PBXFileReference; lastKnownFileType = file.storyboard; name = Base; path = Base.lproj/LaunchScreen.storyboard; sourceTree = "<group>"; };
		9B6C996723D26BEC002B6924 /* Info.plist */ = {isa = PBXFileReference; lastKnownFileType = text.plist.xml; path = Info.plist; sourceTree = "<group>"; };
		9B6C996C23D26BEC002B6924 /* coreDataAssignmentTests.xctest */ = {isa = PBXFileReference; explicitFileType = wrapper.cfbundle; includeInIndex = 0; path = coreDataAssignmentTests.xctest; sourceTree = BUILT_PRODUCTS_DIR; };
		9B6C997023D26BEC002B6924 /* coreDataAssignmentTests.swift */ = {isa = PBXFileReference; lastKnownFileType = sourcecode.swift; path = coreDataAssignmentTests.swift; sourceTree = "<group>"; };
		9B6C997223D26BEC002B6924 /* Info.plist */ = {isa = PBXFileReference; lastKnownFileType = text.plist.xml; path = Info.plist; sourceTree = "<group>"; };
		9B6C997723D26BEC002B6924 /* coreDataAssignmentUITests.xctest */ = {isa = PBXFileReference; explicitFileType = wrapper.cfbundle; includeInIndex = 0; path = coreDataAssignmentUITests.xctest; sourceTree = BUILT_PRODUCTS_DIR; };
		9B6C997B23D26BEC002B6924 /* coreDataAssignmentUITests.swift */ = {isa = PBXFileReference; lastKnownFileType = sourcecode.swift; path = coreDataAssignmentUITests.swift; sourceTree = "<group>"; };
		9B6C997D23D26BEC002B6924 /* Info.plist */ = {isa = PBXFileReference; lastKnownFileType = text.plist.xml; path = Info.plist; sourceTree = "<group>"; };
/* End PBXFileReference section */

/* Begin PBXFrameworksBuildPhase section */
		9B6C995023D26BEB002B6924 /* Frameworks */ = {
			isa = PBXFrameworksBuildPhase;
			buildActionMask = 2147483647;
			files = (
			);
			runOnlyForDeploymentPostprocessing = 0;
		};
		9B6C996923D26BEC002B6924 /* Frameworks */ = {
			isa = PBXFrameworksBuildPhase;
			buildActionMask = 2147483647;
			files = (
			);
			runOnlyForDeploymentPostprocessing = 0;
		};
		9B6C997423D26BEC002B6924 /* Frameworks */ = {
			isa = PBXFrameworksBuildPhase;
			buildActionMask = 2147483647;
			files = (
			);
			runOnlyForDeploymentPostprocessing = 0;
		};
/* End PBXFrameworksBuildPhase section */

/* Begin PBXGroup section */
		9B6C994A23D26BEB002B6924 = {
			isa = PBXGroup;
			children = (
				9B6C995523D26BEB002B6924 /* coreDataAssignment */,
				9B6C996F23D26BEC002B6924 /* coreDataAssignmentTests */,
				9B6C997A23D26BEC002B6924 /* coreDataAssignmentUITests */,
				9B6C995423D26BEB002B6924 /* Products */,
			);
			sourceTree = "<group>";
		};
		9B6C995423D26BEB002B6924 /* Products */ = {
			isa = PBXGroup;
			children = (
				9B6C995323D26BEB002B6924 /* coreDataAssignment.app */,
				9B6C996C23D26BEC002B6924 /* coreDataAssignmentTests.xctest */,
				9B6C997723D26BEC002B6924 /* coreDataAssignmentUITests.xctest */,
			);
			name = Products;
			sourceTree = "<group>";
		};
		9B6C995523D26BEB002B6924 /* coreDataAssignment */ = {
			isa = PBXGroup;
			children = (
				9B6C995623D26BEB002B6924 /* AppDelegate.swift */,
				9B6C995823D26BEB002B6924 /* SceneDelegate.swift */,
				9B6C995A23D26BEB002B6924 /* ViewController.swift */,
				9B6C995C23D26BEB002B6924 /* Main.storyboard */,
				9B6C996223D26BEC002B6924 /* Assets.xcassets */,
				9B6C996423D26BEC002B6924 /* LaunchScreen.storyboard */,
				9B6C996723D26BEC002B6924 /* Info.plist */,
				9B6C995F23D26BEB002B6924 /* coreDataAssignment.xcdatamodeld */,
			);
			path = coreDataAssignment;
			sourceTree = "<group>";
		};
		9B6C996F23D26BEC002B6924 /* coreDataAssignmentTests */ = {
			isa = PBXGroup;
			children = (
				9B6C997023D26BEC002B6924 /* coreDataAssignmentTests.swift */,
				9B6C997223D26BEC002B6924 /* Info.plist */,
			);
			path = coreDataAssignmentTests;
			sourceTree = "<group>";
		};
		9B6C997A23D26BEC002B6924 /* coreDataAssignmentUITests */ = {
			isa = PBXGroup;
			children = (
				9B6C997B23D26BEC002B6924 /* coreDataAssignmentUITests.swift */,
				9B6C997D23D26BEC002B6924 /* Info.plist */,
			);
			path = coreDataAssignmentUITests;
			sourceTree = "<group>";
		};
/* End PBXGroup section */

/* Begin PBXNativeTarget section */
		9B6C995223D26BEB002B6924 /* coreDataAssignment */ = {
			isa = PBXNativeTarget;
			buildConfigurationList = 9B6C998023D26BEC002B6924 /* Build configuration list for PBXNativeTarget "coreDataAssignment" */;
			buildPhases = (
				9B6C994F23D26BEB002B6924 /* Sources */,
				9B6C995023D26BEB002B6924 /* Frameworks */,
				9B6C995123D26BEB002B6924 /* Resources */,
			);
			buildRules = (
			);
			dependencies = (
			);
			name = coreDataAssignment;
			productName = coreDataAssignment;
			productReference = 9B6C995323D26BEB002B6924 /* coreDataAssignment.app */;
			productType = "com.apple.product-type.application";
		};
		9B6C996B23D26BEC002B6924 /* coreDataAssignmentTests */ = {
			isa = PBXNativeTarget;
			buildConfigurationList = 9B6C998323D26BEC002B6924 /* Build configuration list for PBXNativeTarget "coreDataAssignmentTests" */;
			buildPhases = (
				9B6C996823D26BEC002B6924 /* Sources */,
				9B6C996923D26BEC002B6924 /* Frameworks */,
				9B6C996A23D26BEC002B6924 /* Resources */,
			);
			buildRules = (
			);
			dependencies = (
				9B6C996E23D26BEC002B6924 /* PBXTargetDependency */,
			);
			name = coreDataAssignmentTests;
			productName = coreDataAssignmentTests;
			productReference = 9B6C996C23D26BEC002B6924 /* coreDataAssignmentTests.xctest */;
			productType = "com.apple.product-type.bundle.unit-test";
		};
		9B6C997623D26BEC002B6924 /* coreDataAssignmentUITests */ = {
			isa = PBXNativeTarget;
			buildConfigurationList = 9B6C998623D26BEC002B6924 /* Build configuration list for PBXNativeTarget "coreDataAssignmentUITests" */;
			buildPhases = (
				9B6C997323D26BEC002B6924 /* Sources */,
				9B6C997423D26BEC002B6924 /* Frameworks */,
				9B6C997523D26BEC002B6924 /* Resources */,
			);
			buildRules = (
			);
			dependencies = (
				9B6C997923D26BEC002B6924 /* PBXTargetDependency */,
			);
			name = coreDataAssignmentUITests;
			productName = coreDataAssignmentUITests;
			productReference = 9B6C997723D26BEC002B6924 /* coreDataAssignmentUITests.xctest */;
			productType = "com.apple.product-type.bundle.ui-testing";
		};
/* End PBXNativeTarget section */

/* Begin PBXProject section */
		9B6C994B23D26BEB002B6924 /* Project object */ = {
			isa = PBXProject;
			attributes = {
				LastSwiftUpdateCheck = 1130;
				LastUpgradeCheck = 1130;
				ORGANIZATIONNAME = MacStudent;
				TargetAttributes = {
					9B6C995223D26BEB002B6924 = {
						CreatedOnToolsVersion = 11.3;
					};
					9B6C996B23D26BEC002B6924 = {
						CreatedOnToolsVersion = 11.3;
						TestTargetID = 9B6C995223D26BEB002B6924;
					};
					9B6C997623D26BEC002B6924 = {
						CreatedOnToolsVersion = 11.3;
						TestTargetID = 9B6C995223D26BEB002B6924;
					};
				};
			};
			buildConfigurationList = 9B6C994E23D26BEB002B6924 /* Build configuration list for PBXProject "coreDataAssignment" */;
			compatibilityVersion = "Xcode 9.3";
			developmentRegion = en;
			hasScannedForEncodings = 0;
			knownRegions = (
				en,
				Base,
			);
			mainGroup = 9B6C994A23D26BEB002B6924;
			productRefGroup = 9B6C995423D26BEB002B6924 /* Products */;
			projectDirPath = "";
			projectRoot = "";
			targets = (
				9B6C995223D26BEB002B6924 /* coreDataAssignment */,
				9B6C996B23D26BEC002B6924 /* coreDataAssignmentTests */,
				9B6C997623D26BEC002B6924 /* coreDataAssignmentUITests */,
			);
		};
/* End PBXProject section */

/* Begin PBXResourcesBuildPhase section */
		9B6C995123D26BEB002B6924 /* Resources */ = {
			isa = PBXResourcesBuildPhase;
			buildActionMask = 2147483647;
			files = (
				9B6C996623D26BEC002B6924 /* LaunchScreen.storyboard in Resources */,
				9B6C996323D26BEC002B6924 /* Assets.xcassets in Resources */,
				9B6C995E23D26BEB002B6924 /* Main.storyboard in Resources */,
			);
			runOnlyForDeploymentPostprocessing = 0;
		};
		9B6C996A23D26BEC002B6924 /* Resources */ = {
			isa = PBXResourcesBuildPhase;
			buildActionMask = 2147483647;
			files = (
			);
			runOnlyForDeploymentPostprocessing = 0;
		};
		9B6C997523D26BEC002B6924 /* Resources */ = {
			isa = PBXResourcesBuildPhase;
			buildActionMask = 2147483647;
			files = (
			);
			runOnlyForDeploymentPostprocessing = 0;
		};
/* End PBXResourcesBuildPhase section */

/* Begin PBXSourcesBuildPhase section */
		9B6C994F23D26BEB002B6924 /* Sources */ = {
			isa = PBXSourcesBuildPhase;
			buildActionMask = 2147483647;
			files = (
				9B6C995B23D26BEB002B6924 /* ViewController.swift in Sources */,
				9B6C995723D26BEB002B6924 /* AppDelegate.swift in Sources */,
				9B6C995923D26BEB002B6924 /* SceneDelegate.swift in Sources */,
				9B6C996123D26BEB002B6924 /* coreDataAssignment.xcdatamodeld in Sources */,
			);
			runOnlyForDeploymentPostprocessing = 0;
		};
		9B6C996823D26BEC002B6924 /* Sources */ = {
			isa = PBXSourcesBuildPhase;
			buildActionMask = 2147483647;
			files = (
				9B6C997123D26BEC002B6924 /* coreDataAssignmentTests.swift in Sources */,
			);
			runOnlyForDeploymentPostprocessing = 0;
		};
		9B6C997323D26BEC002B6924 /* Sources */ = {
			isa = PBXSourcesBuildPhase;
			buildActionMask = 2147483647;
			files = (
				9B6C997C23D26BEC002B6924 /* coreDataAssignmentUITests.swift in Sources */,
			);
			runOnlyForDeploymentPostprocessing = 0;
		};
/* End PBXSourcesBuildPhase section */

/* Begin PBXTargetDependency section */
		9B6C996E23D26BEC002B6924 /* PBXTargetDependency */ = {
			isa = PBXTargetDependency;
			target = 9B6C995223D26BEB002B6924 /* coreDataAssignment */;
			targetProxy = 9B6C996D23D26BEC002B6924 /* PBXContainerItemProxy */;
		};
		9B6C997923D26BEC002B6924 /* PBXTargetDependency */ = {
			isa = PBXTargetDependency;
			target = 9B6C995223D26BEB002B6924 /* coreDataAssignment */;
			targetProxy = 9B6C997823D26BEC002B6924 /* PBXContainerItemProxy */;
		};
/* End PBXTargetDependency section */

/* Begin PBXVariantGroup section */
		9B6C995C23D26BEB002B6924 /* Main.storyboard */ = {
			isa = PBXVariantGroup;
			children = (
				9B6C995D23D26BEB002B6924 /* Base */,
			);
			name = Main.storyboard;
			sourceTree = "<group>";
		};
		9B6C996423D26BEC002B6924 /* LaunchScreen.storyboard */ = {
			isa = PBXVariantGroup;
			children = (
				9B6C996523D26BEC002B6924 /* Base */,
			);
			name = LaunchScreen.storyboard;
			sourceTree = "<group>";
		};
/* End PBXVariantGroup section */

/* Begin XCBuildConfiguration section */
		9B6C997E23D26BEC002B6924 /* Debug */ = {
			isa = XCBuildConfiguration;
			buildSettings = {
				ALWAYS_SEARCH_USER_PATHS = NO;
				CLANG_ANALYZER_NONNULL = YES;
				CLANG_ANALYZER_NUMBER_OBJECT_CONVERSION = YES_AGGRESSIVE;
				CLANG_CXX_LANGUAGE_STANDARD = "gnu++14";
				CLANG_CXX_LIBRARY = "libc++";
				CLANG_ENABLE_MODULES = YES;
				CLANG_ENABLE_OBJC_ARC = YES;
				CLANG_ENABLE_OBJC_WEAK = YES;
				CLANG_WARN_BLOCK_CAPTURE_AUTORELEASING = YES;
				CLANG_WARN_BOOL_CONVERSION = YES;
				CLANG_WARN_COMMA = YES;
				CLANG_WARN_CONSTANT_CONVERSION = YES;
				CLANG_WARN_DEPRECATED_OBJC_IMPLEMENTATIONS = YES;
				CLANG_WARN_DIRECT_OBJC_ISA_USAGE = YES_ERROR;
				CLANG_WARN_DOCUMENTATION_COMMENTS = YES;
				CLANG_WARN_EMPTY_BODY = YES;
				CLANG_WARN_ENUM_CONVERSION = YES;
				CLANG_WARN_INFINITE_RECURSION = YES;
				CLANG_WARN_INT_CONVERSION = YES;
				CLANG_WARN_NON_LITERAL_NULL_CONVERSION = YES;
				CLANG_WARN_OBJC_IMPLICIT_RETAIN_SELF = YES;
				CLANG_WARN_OBJC_LITERAL_CONVERSION = YES;
				CLANG_WARN_OBJC_ROOT_CLASS = YES_ERROR;
				CLANG_WARN_RANGE_LOOP_ANALYSIS = YES;
				CLANG_WARN_STRICT_PROTOTYPES = YES;
				CLANG_WARN_SUSPICIOUS_MOVE = YES;
				CLANG_WARN_UNGUARDED_AVAILABILITY = YES_AGGRESSIVE;
				CLANG_WARN_UNREACHABLE_CODE = YES;
				CLANG_WARN__DUPLICATE_METHOD_MATCH = YES;
				COPY_PHASE_STRIP = NO;
				DEBUG_INFORMATION_FORMAT = dwarf;
				ENABLE_STRICT_OBJC_MSGSEND = YES;
				ENABLE_TESTABILITY = YES;
				GCC_C_LANGUAGE_STANDARD = gnu11;
				GCC_DYNAMIC_NO_PIC = NO;
				GCC_NO_COMMON_BLOCKS = YES;
				GCC_OPTIMIZATION_LEVEL = 0;
				GCC_PREPROCESSOR_DEFINITIONS = (
					"DEBUG=1",
					"$(inherited)",
				);
				GCC_WARN_64_TO_32_BIT_CONVERSION = YES;
				GCC_WARN_ABOUT_RETURN_TYPE = YES_ERROR;
				GCC_WARN_UNDECLARED_SELECTOR = YES;
				GCC_WARN_UNINITIALIZED_AUTOS = YES_AGGRESSIVE;
				GCC_WARN_UNUSED_FUNCTION = YES;
				GCC_WARN_UNUSED_VARIABLE = YES;
				IPHONEOS_DEPLOYMENT_TARGET = 13.2;
				MTL_ENABLE_DEBUG_INFO = INCLUDE_SOURCE;
				MTL_FAST_MATH = YES;
				ONLY_ACTIVE_ARCH = YES;
				SDKROOT = iphoneos;
				SWIFT_ACTIVE_COMPILATION_CONDITIONS = DEBUG;
				SWIFT_OPTIMIZATION_LEVEL = "-Onone";
			};
			name = Debug;
		};
		9B6C997F23D26BEC002B6924 /* Release */ = {
			isa = XCBuildConfiguration;
			buildSettings = {
				ALWAYS_SEARCH_USER_PATHS = NO;
				CLANG_ANALYZER_NONNULL = YES;
				CLANG_ANALYZER_NUMBER_OBJECT_CONVERSION = YES_AGGRESSIVE;
				CLANG_CXX_LANGUAGE_STANDARD = "gnu++14";
				CLANG_CXX_LIBRARY = "libc++";
				CLANG_ENABLE_MODULES = YES;
				CLANG_ENABLE_OBJC_ARC = YES;
				CLANG_ENABLE_OBJC_WEAK = YES;
				CLANG_WARN_BLOCK_CAPTURE_AUTORELEASING = YES;
				CLANG_WARN_BOOL_CONVERSION = YES;
				CLANG_WARN_COMMA = YES;
				CLANG_WARN_CONSTANT_CONVERSION = YES;
				CLANG_WARN_DEPRECATED_OBJC_IMPLEMENTATIONS = YES;
				CLANG_WARN_DIRECT_OBJC_ISA_USAGE = YES_ERROR;
				CLANG_WARN_DOCUMENTATION_COMMENTS = YES;
				CLANG_WARN_EMPTY_BODY = YES;
				CLANG_WARN_ENUM_CONVERSION = YES;
				CLANG_WARN_INFINITE_RECURSION = YES;
				CLANG_WARN_INT_CONVERSION = YES;
				CLANG_WARN_NON_LITERAL_NULL_CONVERSION = YES;
				CLANG_WARN_OBJC_IMPLICIT_RETAIN_SELF = YES;
				CLANG_WARN_OBJC_LITERAL_CONVERSION = YES;
				CLANG_WARN_OBJC_ROOT_CLASS = YES_ERROR;
				CLANG_WARN_RANGE_LOOP_ANALYSIS = YES;
				CLANG_WARN_STRICT_PROTOTYPES = YES;
				CLANG_WARN_SUSPICIOUS_MOVE = YES;
				CLANG_WARN_UNGUARDED_AVAILABILITY = YES_AGGRESSIVE;
				CLANG_WARN_UNREACHABLE_CODE = YES;
				CLANG_WARN__DUPLICATE_METHOD_MATCH = YES;
				COPY_PHASE_STRIP = NO;
				DEBUG_INFORMATION_FORMAT = "dwarf-with-dsym";
				ENABLE_NS_ASSERTIONS = NO;
				ENABLE_STRICT_OBJC_MSGSEND = YES;
				GCC_C_LANGUAGE_STANDARD = gnu11;
				GCC_NO_COMMON_BLOCKS = YES;
				GCC_WARN_64_TO_32_BIT_CONVERSION = YES;
				GCC_WARN_ABOUT_RETURN_TYPE = YES_ERROR;
				GCC_WARN_UNDECLARED_SELECTOR = YES;
				GCC_WARN_UNINITIALIZED_AUTOS = YES_AGGRESSIVE;
				GCC_WARN_UNUSED_FUNCTION = YES;
				GCC_WARN_UNUSED_VARIABLE = YES;
				IPHONEOS_DEPLOYMENT_TARGET = 13.2;
				MTL_ENABLE_DEBUG_INFO = NO;
				MTL_FAST_MATH = YES;
				SDKROOT = iphoneos;
				SWIFT_COMPILATION_MODE = wholemodule;
				SWIFT_OPTIMIZATION_LEVEL = "-O";
				VALIDATE_PRODUCT = YES;
			};
			name = Release;
		};
		9B6C998123D26BEC002B6924 /* Debug */ = {
			isa = XCBuildConfiguration;
			buildSettings = {
				ASSETCATALOG_COMPILER_APPICON_NAME = AppIcon;
				CODE_SIGN_STYLE = Automatic;
				INFOPLIST_FILE = coreDataAssignment/Info.plist;
				LD_RUNPATH_SEARCH_PATHS = (
					"$(inherited)",
					"@executable_path/Frameworks",
				);
				PRODUCT_BUNDLE_IDENTIFIER = CestarCollege.coreDataAssignment;
				PRODUCT_NAME = "$(TARGET_NAME)";
				SWIFT_VERSION = 5.0;
				TARGETED_DEVICE_FAMILY = "1,2";
			};
			name = Debug;
		};
		9B6C998223D26BEC002B6924 /* Release */ = {
			isa = XCBuildConfiguration;
			buildSettings = {
				ASSETCATALOG_COMPILER_APPICON_NAME = AppIcon;
				CODE_SIGN_STYLE = Automatic;
				INFOPLIST_FILE = coreDataAssignment/Info.plist;
				LD_RUNPATH_SEARCH_PATHS = (
					"$(inherited)",
					"@executable_path/Frameworks",
				);
				PRODUCT_BUNDLE_IDENTIFIER = CestarCollege.coreDataAssignment;
				PRODUCT_NAME = "$(TARGET_NAME)";
				SWIFT_VERSION = 5.0;
				TARGETED_DEVICE_FAMILY = "1,2";
			};
			name = Release;
		};
		9B6C998423D26BEC002B6924 /* Debug */ = {
			isa = XCBuildConfiguration;
			buildSettings = {
				ALWAYS_EMBED_SWIFT_STANDARD_LIBRARIES = YES;
				BUNDLE_LOADER = "$(TEST_HOST)";
				CODE_SIGN_STYLE = Automatic;
				INFOPLIST_FILE = coreDataAssignmentTests/Info.plist;
				IPHONEOS_DEPLOYMENT_TARGET = 13.2;
				LD_RUNPATH_SEARCH_PATHS = (
					"$(inherited)",
					"@executable_path/Frameworks",
					"@loader_path/Frameworks",
				);
				PRODUCT_BUNDLE_IDENTIFIER = CestarCollege.coreDataAssignmentTests;
				PRODUCT_NAME = "$(TARGET_NAME)";
				SWIFT_VERSION = 5.0;
				TARGETED_DEVICE_FAMILY = "1,2";
				TEST_HOST = "$(BUILT_PRODUCTS_DIR)/coreDataAssignment.app/coreDataAssignment";
			};
			name = Debug;
		};
		9B6C998523D26BEC002B6924 /* Release */ = {
			isa = XCBuildConfiguration;
			buildSettings = {
				ALWAYS_EMBED_SWIFT_STANDARD_LIBRARIES = YES;
				BUNDLE_LOADER = "$(TEST_HOST)";
				CODE_SIGN_STYLE = Automatic;
				INFOPLIST_FILE = coreDataAssignmentTests/Info.plist;
				IPHONEOS_DEPLOYMENT_TARGET = 13.2;
				LD_RUNPATH_SEARCH_PATHS = (
					"$(inherited)",
					"@executable_path/Frameworks",
					"@loader_path/Frameworks",
				);
				PRODUCT_BUNDLE_IDENTIFIER = CestarCollege.coreDataAssignmentTests;
				PRODUCT_NAME = "$(TARGET_NAME)";
				SWIFT_VERSION = 5.0;
				TARGETED_DEVICE_FAMILY = "1,2";
				TEST_HOST = "$(BUILT_PRODUCTS_DIR)/coreDataAssignment.app/coreDataAssignment";
			};
			name = Release;
		};
		9B6C998723D26BEC002B6924 /* Debug */ = {
			isa = XCBuildConfiguration;
			buildSettings = {
				ALWAYS_EMBED_SWIFT_STANDARD_LIBRARIES = YES;
				CODE_SIGN_STYLE = Automatic;
				INFOPLIST_FILE = coreDataAssignmentUITests/Info.plist;
				LD_RUNPATH_SEARCH_PATHS = (
					"$(inherited)",
					"@executable_path/Frameworks",
					"@loader_path/Frameworks",
				);
				PRODUCT_BUNDLE_IDENTIFIER = CestarCollege.coreDataAssignmentUITests;
				PRODUCT_NAME = "$(TARGET_NAME)";
				SWIFT_VERSION = 5.0;
				TARGETED_DEVICE_FAMILY = "1,2";
				TEST_TARGET_NAME = coreDataAssignment;
			};
			name = Debug;
		};
		9B6C998823D26BEC002B6924 /* Release */ = {
			isa = XCBuildConfiguration;
			buildSettings = {
				ALWAYS_EMBED_SWIFT_STANDARD_LIBRARIES = YES;
				CODE_SIGN_STYLE = Automatic;
				INFOPLIST_FILE = coreDataAssignmentUITests/Info.plist;
				LD_RUNPATH_SEARCH_PATHS = (
					"$(inherited)",
					"@executable_path/Frameworks",
					"@loader_path/Frameworks",
				);
				PRODUCT_BUNDLE_IDENTIFIER = CestarCollege.coreDataAssignmentUITests;
				PRODUCT_NAME = "$(TARGET_NAME)";
				SWIFT_VERSION = 5.0;
				TARGETED_DEVICE_FAMILY = "1,2";
				TEST_TARGET_NAME = coreDataAssignment;
			};
			name = Release;
		};
/* End XCBuildConfiguration section */

/* Begin XCConfigurationList section */
		9B6C994E23D26BEB002B6924 /* Build configuration list for PBXProject "coreDataAssignment" */ = {
			isa = XCConfigurationList;
			buildConfigurations = (
				9B6C997E23D26BEC002B6924 /* Debug */,
				9B6C997F23D26BEC002B6924 /* Release */,
			);
			defaultConfigurationIsVisible = 0;
			defaultConfigurationName = Release;
		};
		9B6C998023D26BEC002B6924 /* Build configuration list for PBXNativeTarget "coreDataAssignment" */ = {
			isa = XCConfigurationList;
			buildConfigurations = (
				9B6C998123D26BEC002B6924 /* Debug */,
				9B6C998223D26BEC002B6924 /* Release */,
			);
			defaultConfigurationIsVisible = 0;
			defaultConfigurationName = Release;
		};
		9B6C998323D26BEC002B6924 /* Build configuration list for PBXNativeTarget "coreDataAssignmentTests" */ = {
			isa = XCConfigurationList;
			buildConfigurations = (
				9B6C998423D26BEC002B6924 /* Debug */,
				9B6C998523D26BEC002B6924 /* Release */,
			);
			defaultConfigurationIsVisible = 0;
			defaultConfigurationName = Release;
		};
		9B6C998623D26BEC002B6924 /* Build configuration list for PBXNativeTarget "coreDataAssignmentUITests" */ = {
			isa = XCConfigurationList;
			buildConfigurations = (
				9B6C998723D26BEC002B6924 /* Debug */,
				9B6C998823D26BEC002B6924 /* Release */,
			);
			defaultConfigurationIsVisible = 0;
			defaultConfigurationName = Release;
		};
/* End XCConfigurationList section */

/* Begin XCVersionGroup section */
		9B6C995F23D26BEB002B6924 /* coreDataAssignment.xcdatamodeld */ = {
			isa = XCVersionGroup;
			children = (
				9B6C996023D26BEB002B6924 /* coreDataAssignment.xcdatamodel */,
			);
			currentVersion = 9B6C996023D26BEB002B6924 /* coreDataAssignment.xcdatamodel */;
			path = coreDataAssignment.xcdatamodeld;
			sourceTree = "<group>";
			versionGroupType = wrapper.xcdatamodel;
		};
/* End XCVersionGroup section */
	};
	rootObject = 9B6C994B23D26BEB002B6924 /* Project object */;
}
